
Microsoft Visual Studio Solution File, Format Version 12.00
# Visual Studio Version 17
VisualStudioVersion = 17.13.35825.156
MinimumVisualStudioVersion = 10.0.40219.1
Project("{FAE04EC0-301F-11D3-BF4B-00C04F79EFBC}") = "CalculatorApp", "Calculator\CalculatorApp.csproj", "{1076780A-83F0-40B5-B7CE-CC9E7128AFBC}"
EndProject
Project("{FAE04EC0-301F-11D3-BF4B-00C04F79EFBC}") = "CalculatorLib", "CalculatorLib\CalculatorLib.csproj", "{E2557919-541F-469F-871F-7B4CD1B54600}"
EndProject
Project("{2150E333-8FDC-42A3-9474-1A3956D46DE8}") = "HW_1", "HW_1", "{02EA681E-C7D8-13C7-8484-4AC65E1B71E8}"
EndProject
Project("{2150E333-8FDC-42A3-9474-1A3956D46DE8}") = "HW_2.2", "HW_2.2", "{04A733B9-473A-47DC-ADD5-DFE1AC35BF21}"
EndProject
Project("{FAE04EC0-301F-11D3-BF4B-00C04F79EFBC}") = "MoneyAndGoodsConsoleApp", "MoneyAndGoodsConsoleApp\MoneyAndGoodsConsoleApp.csproj", "{C0995335-A885-4E59-A77D-ABA2FFA880E7}"
EndProject
Project("{FAE04EC0-301F-11D3-BF4B-00C04F79EFBC}") = "MoneyAndGoodsLib", "MoneyAndGoodsLib\MoneyAndGoodsLib.csproj", "{55A75299-9D00-4EB3-B710-7DA6752636C3}"
EndProject
Project("{2150E333-8FDC-42A3-9474-1A3956D46DE8}") = "HW_2.1", "HW_2.1", "{D8151198-4A3D-4D2A-BB9D-C50BAF731EAC}"
EndProject
Project("{FAE04EC0-301F-11D3-BF4B-00C04F79EFBC}") = "MusicalInstrumentsApp", "MusicalInstrumentsApp\MusicalInstrumentsApp.csproj", "{FC7356FD-C343-43C7-ADC5-1678FEFB4EE2}"
EndProject
Project("{FAE04EC0-301F-11D3-BF4B-00C04F79EFBC}") = "MusicalInstrumentsLib", "MusicalInstrumentsLib\MusicalInstrumentsLib.csproj", "{FFC8DDD3-8F1B-495F-870F-4182956F35BE}"
EndProject
Project("{2150E333-8FDC-42A3-9474-1A3956D46DE8}") = "HW_2.3", "HW_2.3", "{528C9200-69DF-4935-90E0-E02FAB97F746}"
EndProject
Project("{FAE04EC0-301F-11D3-BF4B-00C04F79EFBC}") = "DecimalNumberApp", "DecimalNumberApp\DecimalNumberApp.csproj", "{495984FB-7754-4779-98BB-FCE24D1F89D6}"
EndProject
Global
	GlobalSection(SolutionConfigurationPlatforms) = preSolution
		Debug|Any CPU = Debug|Any CPU
		Release|Any CPU = Release|Any CPU
	EndGlobalSection
	GlobalSection(ProjectConfigurationPlatforms) = postSolution
		{1076780A-83F0-40B5-B7CE-CC9E7128AFBC}.Debug|Any CPU.ActiveCfg = Debug|Any CPU
		{1076780A-83F0-40B5-B7CE-CC9E7128AFBC}.Debug|Any CPU.Build.0 = Debug|Any CPU
		{1076780A-83F0-40B5-B7CE-CC9E7128AFBC}.Release|Any CPU.ActiveCfg = Release|Any CPU
		{1076780A-83F0-40B5-B7CE-CC9E7128AFBC}.Release|Any CPU.Build.0 = Release|Any CPU
		{E2557919-541F-469F-871F-7B4CD1B54600}.Debug|Any CPU.ActiveCfg = Debug|Any CPU
		{E2557919-541F-469F-871F-7B4CD1B54600}.Debug|Any CPU.Build.0 = Debug|Any CPU
		{E2557919-541F-469F-871F-7B4CD1B54600}.Release|Any CPU.ActiveCfg = Release|Any CPU
		{E2557919-541F-469F-871F-7B4CD1B54600}.Release|Any CPU.Build.0 = Release|Any CPU
		{C0995335-A885-4E59-A77D-ABA2FFA880E7}.Debug|Any CPU.ActiveCfg = Debug|Any CPU
		{C0995335-A885-4E59-A77D-ABA2FFA880E7}.Debug|Any CPU.Build.0 = Debug|Any CPU
		{C0995335-A885-4E59-A77D-ABA2FFA880E7}.Release|Any CPU.ActiveCfg = Release|Any CPU
		{C0995335-A885-4E59-A77D-ABA2FFA880E7}.Release|Any CPU.Build.0 = Release|Any CPU
		{55A75299-9D00-4EB3-B710-7DA6752636C3}.Debug|Any CPU.ActiveCfg = Debug|Any CPU
		{55A75299-9D00-4EB3-B710-7DA6752636C3}.Debug|Any CPU.Build.0 = Debug|Any CPU
		{55A75299-9D00-4EB3-B710-7DA6752636C3}.Release|Any CPU.ActiveCfg = Release|Any CPU
		{55A75299-9D00-4EB3-B710-7DA6752636C3}.Release|Any CPU.Build.0 = Release|Any CPU
		{FC7356FD-C343-43C7-ADC5-1678FEFB4EE2}.Debug|Any CPU.ActiveCfg = Debug|Any CPU
		{FC7356FD-C343-43C7-ADC5-1678FEFB4EE2}.Debug|Any CPU.Build.0 = Debug|Any CPU
		{FC7356FD-C343-43C7-ADC5-1678FEFB4EE2}.Release|Any CPU.ActiveCfg = Release|Any CPU
		{FC7356FD-C343-43C7-ADC5-1678FEFB4EE2}.Release|Any CPU.Build.0 = Release|Any CPU
		{FFC8DDD3-8F1B-495F-870F-4182956F35BE}.Debug|Any CPU.ActiveCfg = Debug|Any CPU
		{FFC8DDD3-8F1B-495F-870F-4182956F35BE}.Debug|Any CPU.Build.0 = Debug|Any CPU
		{FFC8DDD3-8F1B-495F-870F-4182956F35BE}.Release|Any CPU.ActiveCfg = Release|Any CPU
		{FFC8DDD3-8F1B-495F-870F-4182956F35BE}.Release|Any CPU.Build.0 = Release|Any CPU
		{495984FB-7754-4779-98BB-FCE24D1F89D6}.Debug|Any CPU.ActiveCfg = Debug|Any CPU
		{495984FB-7754-4779-98BB-FCE24D1F89D6}.Debug|Any CPU.Build.0 = Debug|Any CPU
		{495984FB-7754-4779-98BB-FCE24D1F89D6}.Release|Any CPU.ActiveCfg = Release|Any CPU
		{495984FB-7754-4779-98BB-FCE24D1F89D6}.Release|Any CPU.Build.0 = Release|Any CPU
	EndGlobalSection
	GlobalSection(SolutionProperties) = preSolution
		HideSolutionNode = FALSE
	EndGlobalSection
	GlobalSection(NestedProjects) = preSolution
		{1076780A-83F0-40B5-B7CE-CC9E7128AFBC} = {02EA681E-C7D8-13C7-8484-4AC65E1B71E8}
		{E2557919-541F-469F-871F-7B4CD1B54600} = {02EA681E-C7D8-13C7-8484-4AC65E1B71E8}
		{C0995335-A885-4E59-A77D-ABA2FFA880E7} = {04A733B9-473A-47DC-ADD5-DFE1AC35BF21}
		{55A75299-9D00-4EB3-B710-7DA6752636C3} = {04A733B9-473A-47DC-ADD5-DFE1AC35BF21}
		{FC7356FD-C343-43C7-ADC5-1678FEFB4EE2} = {D8151198-4A3D-4D2A-BB9D-C50BAF731EAC}
		{FFC8DDD3-8F1B-495F-870F-4182956F35BE} = {D8151198-4A3D-4D2A-BB9D-C50BAF731EAC}
		{495984FB-7754-4779-98BB-FCE24D1F89D6} = {528C9200-69DF-4935-90E0-E02FAB97F746}
	EndGlobalSection
	GlobalSection(ExtensibilityGlobals) = postSolution
		SolutionGuid = {2623719E-28EE-4624-9CE7-4F4BAADC02B0}
	EndGlobalSection
EndGlobal
